
Microsoft Visual Studio Solution File, Format Version 11.00
# Visual Studio 2010
Project("{FAE04EC0-301F-11D3-BF4B-00C04F79EFBC}") = "Mike.Spikes", "Mike.Spikes\Mike.Spikes.csproj", "{8019F8A9-08CB-4387-9289-44F8AEF5E625}"
EndProject
Global
	GlobalSection(SolutionConfigurationPlatforms) = preSolution
		Debug|Any CPU = Debug|Any CPU
		Release|Any CPU = Release|Any CPU
	EndGlobalSection
	GlobalSection(ProjectConfigurationPlatforms) = postSolution
		{8019F8A9-08CB-4387-9289-44F8AEF5E625}.Debug|Any CPU.ActiveCfg = Debug|Any CPU
		{8019F8A9-08CB-4387-9289-44F8AEF5E625}.Debug|Any CPU.Build.0 = Debug|Any CPU
		{8019F8A9-08CB-4387-9289-44F8AEF5E625}.Release|Any CPU.ActiveCfg = Release|Any CPU
		{8019F8A9-08CB-4387-9289-44F8AEF5E625}.Release|Any CPU.Build.0 = Release|Any CPU
	EndGlobalSection
	GlobalSection(SolutionProperties) = preSolution
		HideSolutionNode = FALSE
	EndGlobalSection
EndGlobal
